{
  "pins" : [
    {
      "identity" : "lclib",
      "kind" : "remoteSourceControl",
      "location" : "https://github.com/luccasim/LCLib",
      "state" : {
        "revision" : "8c55bb4e2ab0ca490724fdd60acc34aeda22384d",
        "version" : "1.0.1"
      }
    },
    {
      "identity" : "swift-syntax",
      "kind" : "remoteSourceControl",
      "location" : "https://github.com/apple/swift-syntax.git",
      "state" : {
        "revision" : "6ad4ea24b01559dde0773e3d091f1b9e36175036",
        "version" : "509.0.2"
      }
    }
  ],
  "version" : 2
}
